
Microsoft Visual Studio Solution File, Format Version 12.00
# Visual Studio 15
VisualStudioVersion = 15.0.27130.2024
MinimumVisualStudioVersion = 10.0.40219.1
Project("{FAE04EC0-301F-11D3-BF4B-00C04F79EFBC}") = "Prototypes1", "ClassLibrary1\Prototypes1.csproj", "{7EDE4EA2-7B24-428C-8DEE-314F7363E135}"
EndProject
Project("{FAE04EC0-301F-11D3-BF4B-00C04F79EFBC}") = "UnitTestProject1", "UnitTestProject1\UnitTestProject1.csproj", "{F39449DF-2B7E-4E6C-B162-61130CD0F37D}"
EndProject
Global
	GlobalSection(SolutionConfigurationPlatforms) = preSolution
		Debug|Any CPU = Debug|Any CPU
		Release|Any CPU = Release|Any CPU
	EndGlobalSection
	GlobalSection(ProjectConfigurationPlatforms) = postSolution
		{7EDE4EA2-7B24-428C-8DEE-314F7363E135}.Debug|Any CPU.ActiveCfg = Debug|Any CPU
		{7EDE4EA2-7B24-428C-8DEE-314F7363E135}.Debug|Any CPU.Build.0 = Debug|Any CPU
		{7EDE4EA2-7B24-428C-8DEE-314F7363E135}.Release|Any CPU.ActiveCfg = Release|Any CPU
		{7EDE4EA2-7B24-428C-8DEE-314F7363E135}.Release|Any CPU.Build.0 = Release|Any CPU
		{F39449DF-2B7E-4E6C-B162-61130CD0F37D}.Debug|Any CPU.ActiveCfg = Debug|Any CPU
		{F39449DF-2B7E-4E6C-B162-61130CD0F37D}.Debug|Any CPU.Build.0 = Debug|Any CPU
		{F39449DF-2B7E-4E6C-B162-61130CD0F37D}.Release|Any CPU.ActiveCfg = Release|Any CPU
		{F39449DF-2B7E-4E6C-B162-61130CD0F37D}.Release|Any CPU.Build.0 = Release|Any CPU
	EndGlobalSection
	GlobalSection(SolutionProperties) = preSolution
		HideSolutionNode = FALSE
	EndGlobalSection
	GlobalSection(ExtensibilityGlobals) = postSolution
		SolutionGuid = {5793CEE2-AEE4-4B15-B620-C2DEDAE21491}
	EndGlobalSection
EndGlobal
